
Microsoft Visual Studio Solution File, Format Version 12.00
# Visual Studio Version 16
VisualStudioVersion = 16.0.34902.97
MinimumVisualStudioVersion = 10.0.40219.1
Project("{FAE04EC0-301F-11D3-BF4B-00C04F79EFBC}") = "Gyak1007", "Gyak1007\Gyak1007.csproj", "{9BF98EA0-F68D-47E4-AE92-56875587FFB2}"
EndProject
Global
	GlobalSection(SolutionConfigurationPlatforms) = preSolution
		Debug|Any CPU = Debug|Any CPU
		Release|Any CPU = Release|Any CPU
	EndGlobalSection
	GlobalSection(ProjectConfigurationPlatforms) = postSolution
		{9BF98EA0-F68D-47E4-AE92-56875587FFB2}.Debug|Any CPU.ActiveCfg = Debug|Any CPU
		{9BF98EA0-F68D-47E4-AE92-56875587FFB2}.Debug|Any CPU.Build.0 = Debug|Any CPU
		{9BF98EA0-F68D-47E4-AE92-56875587FFB2}.Release|Any CPU.ActiveCfg = Release|Any CPU
		{9BF98EA0-F68D-47E4-AE92-56875587FFB2}.Release|Any CPU.Build.0 = Release|Any CPU
	EndGlobalSection
	GlobalSection(SolutionProperties) = preSolution
		HideSolutionNode = FALSE
	EndGlobalSection
	GlobalSection(ExtensibilityGlobals) = postSolution
		SolutionGuid = {6DF5D027-96A6-4B40-A18A-DEE5BE6B8495}
	EndGlobalSection
EndGlobal
